{
  "name": "producer",
  "version": "1.0.0",
  "lockfileVersion": 1,
  "requires": true,
  "dependencies": {
    "kafkajs": {
      "version": "2.2.2",
      "resolved": "https://registry.npmjs.org/kafkajs/-/kafkajs-2.2.2.tgz",
      "integrity": "sha512-9wpGLAwRVbVtSew3xwi2f2BMuYLXWhYcoYB/O7gd1JYOYuYTAEC60CeFgRQugI016MxqvOKnOOA+l1jx+4b84g=="
    }
  }
}
