{
	"name": "tarea_3",
	"version": "1.0.0",
	"lockfileVersion": 2,
	"requires": true,
	"packages": {
		"": {
			"name": "tarea_3",
			"version": "1.0.0",
			"license": "ISC",
			"dependencies": {
				"wikiapi": "^1.19.4"
			}
		},
		"node_modules/cejs": {
			"version": "4.5.4",
			"resolved": "https://registry.npmjs.org/cejs/-/cejs-4.5.4.tgz",
			"integrity": "sha512-18NfI9pUNPi4Sed/BpwmqGWw+SnPou+TNMRSszjBVr43lbZ8Eg84z8tMLYYkXgR1b65Ck4W8IpvSA8rcm+ANOQ==",
			"engines": {
				"node": ">=0.10"
			}
		},
		"node_modules/wikiapi": {
			"version": "1.19.4",
			"resolved": "https://registry.npmjs.org/wikiapi/-/wikiapi-1.19.4.tgz",
			"integrity": "sha512-gh6M026re+FxkQS6DEjTTii/zs3VGvCT8HYkIG17NsNGPW9hiZT8uWovU/uu0JUKZ3OXdy+JD94Jk4ko++AZ8Q==",
			"dependencies": {
				"cejs": "latest"
			},
			"engines": {
				"node": ">=12.0"
			}
		}
	},
	"dependencies": {
		"cejs": {
			"version": "4.5.4",
			"resolved": "https://registry.npmjs.org/cejs/-/cejs-4.5.4.tgz",
			"integrity": "sha512-18NfI9pUNPi4Sed/BpwmqGWw+SnPou+TNMRSszjBVr43lbZ8Eg84z8tMLYYkXgR1b65Ck4W8IpvSA8rcm+ANOQ=="
		},
		"wikiapi": {
			"version": "1.19.4",
			"resolved": "https://registry.npmjs.org/wikiapi/-/wikiapi-1.19.4.tgz",
			"integrity": "sha512-gh6M026re+FxkQS6DEjTTii/zs3VGvCT8HYkIG17NsNGPW9hiZT8uWovU/uu0JUKZ3OXdy+JD94Jk4ko++AZ8Q==",
			"requires": {
				"cejs": "latest"
			}
		}
	}
}
